// !$*UTF8*$!
{
	archiveVersion = 1;
	classes = {
	};
	objectVersion = 50;
	objects = {

/* Begin PBXBuildFile section */
		A96F096322177A4100CD6347 /* AppDelegate.swift in Sources */ = {isa = PBXBuildFile; fileRef = A96F096222177A4100CD6347 /* AppDelegate.swift */; };
		A96F096522177A4100CD6347 /* ViewController.swift in Sources */ = {isa = PBXBuildFile; fileRef = A96F096422177A4100CD6347 /* ViewController.swift */; };
		A96F096822177A4100CD6347 /* Main.storyboard in Resources */ = {isa = PBXBuildFile; fileRef = A96F096622177A4100CD6347 /* Main.storyboard */; };
		A96F096A22177A4300CD6347 /* Assets.xcassets in Resources */ = {isa = PBXBuildFile; fileRef = A96F096922177A4300CD6347 /* Assets.xcassets */; };
		A96F096D22177A4300CD6347 /* LaunchScreen.storyboard in Resources */ = {isa = PBXBuildFile; fileRef = A96F096B22177A4300CD6347 /* LaunchScreen.storyboard */; };
		A96F097822177A4400CD6347 /* FoodTruckerTests.swift in Sources */ = {isa = PBXBuildFile; fileRef = A96F097722177A4400CD6347 /* FoodTruckerTests.swift */; };
		A96F098322177A4400CD6347 /* FoodTruckerUITests.swift in Sources */ = {isa = PBXBuildFile; fileRef = A96F098222177A4400CD6347 /* FoodTruckerUITests.swift */; };
/* End PBXBuildFile section */

/* Begin PBXContainerItemProxy section */
		A96F097422177A4400CD6347 /* PBXContainerItemProxy */ = {
			isa = PBXContainerItemProxy;
			containerPortal = A96F095722177A4100CD6347 /* Project object */;
			proxyType = 1;
			remoteGlobalIDString = A96F095E22177A4100CD6347;
			remoteInfo = FoodTrucker;
		};
		A96F097F22177A4400CD6347 /* PBXContainerItemProxy */ = {
			isa = PBXContainerItemProxy;
			containerPortal = A96F095722177A4100CD6347 /* Project object */;
			proxyType = 1;
			remoteGlobalIDString = A96F095E22177A4100CD6347;
			remoteInfo = FoodTrucker;
		};
/* End PBXContainerItemProxy section */

/* Begin PBXFileReference section */
		A96F095F22177A4100CD6347 /* FoodTrucker.app */ = {isa = PBXFileReference; explicitFileType = wrapper.application; includeInIndex = 0; path = FoodTrucker.app; sourceTree = BUILT_PRODUCTS_DIR; };
		A96F096222177A4100CD6347 /* AppDelegate.swift */ = {isa = PBXFileReference; lastKnownFileType = sourcecode.swift; path = AppDelegate.swift; sourceTree = "<group>"; };
		A96F096422177A4100CD6347 /* ViewController.swift */ = {isa = PBXFileReference; lastKnownFileType = sourcecode.swift; path = ViewController.swift; sourceTree = "<group>"; };
		A96F096722177A4100CD6347 /* Base */ = {isa = PBXFileReference; lastKnownFileType = file.storyboard; name = Base; path = Base.lproj/Main.storyboard; sourceTree = "<group>"; };
		A96F096922177A4300CD6347 /* Assets.xcassets */ = {isa = PBXFileReference; lastKnownFileType = folder.assetcatalog; path = Assets.xcassets; sourceTree = "<group>"; };
		A96F096C22177A4300CD6347 /* Base */ = {isa = PBXFileReference; lastKnownFileType = file.storyboard; name = Base; path = Base.lproj/LaunchScreen.storyboard; sourceTree = "<group>"; };
		A96F096E22177A4300CD6347 /* Info.plist */ = {isa = PBXFileReference; lastKnownFileType = text.plist.xml; path = Info.plist; sourceTree = "<group>"; };
		A96F097322177A4400CD6347 /* FoodTruckerTests.xctest */ = {isa = PBXFileReference; explicitFileType = wrapper.cfbundle; includeInIndex = 0; path = FoodTruckerTests.xctest; sourceTree = BUILT_PRODUCTS_DIR; };
		A96F097722177A4400CD6347 /* FoodTruckerTests.swift */ = {isa = PBXFileReference; lastKnownFileType = sourcecode.swift; path = FoodTruckerTests.swift; sourceTree = "<group>"; };
		A96F097922177A4400CD6347 /* Info.plist */ = {isa = PBXFileReference; lastKnownFileType = text.plist.xml; path = Info.plist; sourceTree = "<group>"; };
		A96F097E22177A4400CD6347 /* FoodTruckerUITests.xctest */ = {isa = PBXFileReference; explicitFileType = wrapper.cfbundle; includeInIndex = 0; path = FoodTruckerUITests.xctest; sourceTree = BUILT_PRODUCTS_DIR; };
		A96F098222177A4400CD6347 /* FoodTruckerUITests.swift */ = {isa = PBXFileReference; lastKnownFileType = sourcecode.swift; path = FoodTruckerUITests.swift; sourceTree = "<group>"; };
		A96F098422177A4400CD6347 /* Info.plist */ = {isa = PBXFileReference; lastKnownFileType = text.plist.xml; path = Info.plist; sourceTree = "<group>"; };
/* End PBXFileReference section */

/* Begin PBXFrameworksBuildPhase section */
		A96F095C22177A4100CD6347 /* Frameworks */ = {
			isa = PBXFrameworksBuildPhase;
			buildActionMask = 2147483647;
			files = (
			);
			runOnlyForDeploymentPostprocessing = 0;
		};
		A96F097022177A4400CD6347 /* Frameworks */ = {
			isa = PBXFrameworksBuildPhase;
			buildActionMask = 2147483647;
			files = (
			);
			runOnlyForDeploymentPostprocessing = 0;
		};
		A96F097B22177A4400CD6347 /* Frameworks */ = {
			isa = PBXFrameworksBuildPhase;
			buildActionMask = 2147483647;
			files = (
			);
			runOnlyForDeploymentPostprocessing = 0;
		};
/* End PBXFrameworksBuildPhase section */

/* Begin PBXGroup section */
		A96F095622177A4100CD6347 = {
			isa = PBXGroup;
			children = (
				A96F096122177A4100CD6347 /* FoodTrucker */,
				A96F097622177A4400CD6347 /* FoodTruckerTests */,
				A96F098122177A4400CD6347 /* FoodTruckerUITests */,
				A96F096022177A4100CD6347 /* Products */,
			);
			sourceTree = "<group>";
		};
		A96F096022177A4100CD6347 /* Products */ = {
			isa = PBXGroup;
			children = (
				A96F095F22177A4100CD6347 /* FoodTrucker.app */,
				A96F097322177A4400CD6347 /* FoodTruckerTests.xctest */,
				A96F097E22177A4400CD6347 /* FoodTruckerUITests.xctest */,
			);
			name = Products;
			sourceTree = "<group>";
		};
		A96F096122177A4100CD6347 /* FoodTrucker */ = {
			isa = PBXGroup;
			children = (
				A96F096222177A4100CD6347 /* AppDelegate.swift */,
				A96F096422177A4100CD6347 /* ViewController.swift */,
				A96F096622177A4100CD6347 /* Main.storyboard */,
				A96F096922177A4300CD6347 /* Assets.xcassets */,
				A96F096B22177A4300CD6347 /* LaunchScreen.storyboard */,
				A96F096E22177A4300CD6347 /* Info.plist */,
			);
			path = FoodTrucker;
			sourceTree = "<group>";
		};
		A96F097622177A4400CD6347 /* FoodTruckerTests */ = {
			isa = PBXGroup;
			children = (
				A96F097722177A4400CD6347 /* FoodTruckerTests.swift */,
				A96F097922177A4400CD6347 /* Info.plist */,
			);
			path = FoodTruckerTests;
			sourceTree = "<group>";
		};
		A96F098122177A4400CD6347 /* FoodTruckerUITests */ = {
			isa = PBXGroup;
			children = (
				A96F098222177A4400CD6347 /* FoodTruckerUITests.swift */,
				A96F098422177A4400CD6347 /* Info.plist */,
			);
			path = FoodTruckerUITests;
			sourceTree = "<group>";
		};
/* End PBXGroup section */

/* Begin PBXNativeTarget section */
		A96F095E22177A4100CD6347 /* FoodTrucker */ = {
			isa = PBXNativeTarget;
			buildConfigurationList = A96F098722177A4400CD6347 /* Build configuration list for PBXNativeTarget "FoodTrucker" */;
			buildPhases = (
				A96F095B22177A4100CD6347 /* Sources */,
				A96F095C22177A4100CD6347 /* Frameworks */,
				A96F095D22177A4100CD6347 /* Resources */,
			);
			buildRules = (
			);
			dependencies = (
			);
			name = FoodTrucker;
			productName = FoodTrucker;
			productReference = A96F095F22177A4100CD6347 /* FoodTrucker.app */;
			productType = "com.apple.product-type.application";
		};
		A96F097222177A4400CD6347 /* FoodTruckerTests */ = {
			isa = PBXNativeTarget;
			buildConfigurationList = A96F098A22177A4400CD6347 /* Build configuration list for PBXNativeTarget "FoodTruckerTests" */;
			buildPhases = (
				A96F096F22177A4400CD6347 /* Sources */,
				A96F097022177A4400CD6347 /* Frameworks */,
				A96F097122177A4400CD6347 /* Resources */,
			);
			buildRules = (
			);
			dependencies = (
				A96F097522177A4400CD6347 /* PBXTargetDependency */,
			);
			name = FoodTruckerTests;
			productName = FoodTruckerTests;
			productReference = A96F097322177A4400CD6347 /* FoodTruckerTests.xctest */;
			productType = "com.apple.product-type.bundle.unit-test";
		};
		A96F097D22177A4400CD6347 /* FoodTruckerUITests */ = {
			isa = PBXNativeTarget;
			buildConfigurationList = A96F098D22177A4400CD6347 /* Build configuration list for PBXNativeTarget "FoodTruckerUITests" */;
			buildPhases = (
				A96F097A22177A4400CD6347 /* Sources */,
				A96F097B22177A4400CD6347 /* Frameworks */,
				A96F097C22177A4400CD6347 /* Resources */,
			);
			buildRules = (
			);
			dependencies = (
				A96F098022177A4400CD6347 /* PBXTargetDependency */,
			);
			name = FoodTruckerUITests;
			productName = FoodTruckerUITests;
			productReference = A96F097E22177A4400CD6347 /* FoodTruckerUITests.xctest */;
			productType = "com.apple.product-type.bundle.ui-testing";
		};
/* End PBXNativeTarget section */

/* Begin PBXProject section */
		A96F095722177A4100CD6347 /* Project object */ = {
			isa = PBXProject;
			attributes = {
				LastSwiftUpdateCheck = 1010;
				LastUpgradeCheck = 1010;
				ORGANIZATIONNAME = "Achref Meghirbi";
				TargetAttributes = {
					A96F095E22177A4100CD6347 = {
						CreatedOnToolsVersion = 10.1;
					};
					A96F097222177A4400CD6347 = {
						CreatedOnToolsVersion = 10.1;
						TestTargetID = A96F095E22177A4100CD6347;
					};
					A96F097D22177A4400CD6347 = {
						CreatedOnToolsVersion = 10.1;
						TestTargetID = A96F095E22177A4100CD6347;
					};
				};
			};
			buildConfigurationList = A96F095A22177A4100CD6347 /* Build configuration list for PBXProject "FoodTrucker" */;
			compatibilityVersion = "Xcode 9.3";
			developmentRegion = en;
			hasScannedForEncodings = 0;
			knownRegions = (
				en,
				Base,
			);
			mainGroup = A96F095622177A4100CD6347;
			productRefGroup = A96F096022177A4100CD6347 /* Products */;
			projectDirPath = "";
			projectRoot = "";
			targets = (
				A96F095E22177A4100CD6347 /* FoodTrucker */,
				A96F097222177A4400CD6347 /* FoodTruckerTests */,
				A96F097D22177A4400CD6347 /* FoodTruckerUITests */,
			);
		};
/* End PBXProject section */

/* Begin PBXResourcesBuildPhase section */
		A96F095D22177A4100CD6347 /* Resources */ = {
			isa = PBXResourcesBuildPhase;
			buildActionMask = 2147483647;
			files = (
				A96F096D22177A4300CD6347 /* LaunchScreen.storyboard in Resources */,
				A96F096A22177A4300CD6347 /* Assets.xcassets in Resources */,
				A96F096822177A4100CD6347 /* Main.storyboard in Resources */,
			);
			runOnlyForDeploymentPostprocessing = 0;
		};
		A96F097122177A4400CD6347 /* Resources */ = {
			isa = PBXResourcesBuildPhase;
			buildActionMask = 2147483647;
			files = (
			);
			runOnlyForDeploymentPostprocessing = 0;
		};
		A96F097C22177A4400CD6347 /* Resources */ = {
			isa = PBXResourcesBuildPhase;
			buildActionMask = 2147483647;
			files = (
			);
			runOnlyForDeploymentPostprocessing = 0;
		};
/* End PBXResourcesBuildPhase section */

/* Begin PBXSourcesBuildPhase section */
		A96F095B22177A4100CD6347 /* Sources */ = {
			isa = PBXSourcesBuildPhase;
			buildActionMask = 2147483647;
			files = (
				A96F096522177A4100CD6347 /* ViewController.swift in Sources */,
				A96F096322177A4100CD6347 /* AppDelegate.swift in Sources */,
			);
			runOnlyForDeploymentPostprocessing = 0;
		};
		A96F096F22177A4400CD6347 /* Sources */ = {
			isa = PBXSourcesBuildPhase;
			buildActionMask = 2147483647;
			files = (
				A96F097822177A4400CD6347 /* FoodTruckerTests.swift in Sources */,
			);
			runOnlyForDeploymentPostprocessing = 0;
		};
		A96F097A22177A4400CD6347 /* Sources */ = {
			isa = PBXSourcesBuildPhase;
			buildActionMask = 2147483647;
			files = (
				A96F098322177A4400CD6347 /* FoodTruckerUITests.swift in Sources */,
			);
			runOnlyForDeploymentPostprocessing = 0;
		};
/* End PBXSourcesBuildPhase section */

/* Begin PBXTargetDependency section */
		A96F097522177A4400CD6347 /* PBXTargetDependency */ = {
			isa = PBXTargetDependency;
			target = A96F095E22177A4100CD6347 /* FoodTrucker */;
			targetProxy = A96F097422177A4400CD6347 /* PBXContainerItemProxy */;
		};
		A96F098022177A4400CD6347 /* PBXTargetDependency */ = {
			isa = PBXTargetDependency;
			target = A96F095E22177A4100CD6347 /* FoodTrucker */;
			targetProxy = A96F097F22177A4400CD6347 /* PBXContainerItemProxy */;
		};
/* End PBXTargetDependency section */

/* Begin PBXVariantGroup section */
		A96F096622177A4100CD6347 /* Main.storyboard */ = {
			isa = PBXVariantGroup;
			children = (
				A96F096722177A4100CD6347 /* Base */,
			);
			name = Main.storyboard;
			sourceTree = "<group>";
		};
		A96F096B22177A4300CD6347 /* LaunchScreen.storyboard */ = {
			isa = PBXVariantGroup;
			children = (
				A96F096C22177A4300CD6347 /* Base */,
			);
			name = LaunchScreen.storyboard;
			sourceTree = "<group>";
		};
/* End PBXVariantGroup section */

/* Begin XCBuildConfiguration section */
		A96F098522177A4400CD6347 /* Debug */ = {
			isa = XCBuildConfiguration;
			buildSettings = {
				ALWAYS_SEARCH_USER_PATHS = NO;
				CLANG_ANALYZER_NONNULL = YES;
				CLANG_ANALYZER_NUMBER_OBJECT_CONVERSION = YES_AGGRESSIVE;
				CLANG_CXX_LANGUAGE_STANDARD = "gnu++14";
				CLANG_CXX_LIBRARY = "libc++";
				CLANG_ENABLE_MODULES = YES;
				CLANG_ENABLE_OBJC_ARC = YES;
				CLANG_ENABLE_OBJC_WEAK = YES;
				CLANG_WARN_BLOCK_CAPTURE_AUTORELEASING = YES;
				CLANG_WARN_BOOL_CONVERSION = YES;
				CLANG_WARN_COMMA = YES;
				CLANG_WARN_CONSTANT_CONVERSION = YES;
				CLANG_WARN_DEPRECATED_OBJC_IMPLEMENTATIONS = YES;
				CLANG_WARN_DIRECT_OBJC_ISA_USAGE = YES_ERROR;
				CLANG_WARN_DOCUMENTATION_COMMENTS = YES;
				CLANG_WARN_EMPTY_BODY = YES;
				CLANG_WARN_ENUM_CONVERSION = YES;
				CLANG_WARN_INFINITE_RECURSION = YES;
				CLANG_WARN_INT_CONVERSION = YES;
				CLANG_WARN_NON_LITERAL_NULL_CONVERSION = YES;
				CLANG_WARN_OBJC_IMPLICIT_RETAIN_SELF = YES;
				CLANG_WARN_OBJC_LITERAL_CONVERSION = YES;
				CLANG_WARN_OBJC_ROOT_CLASS = YES_ERROR;
				CLANG_WARN_RANGE_LOOP_ANALYSIS = YES;
				CLANG_WARN_STRICT_PROTOTYPES = YES;
				CLANG_WARN_SUSPICIOUS_MOVE = YES;
				CLANG_WARN_UNGUARDED_AVAILABILITY = YES_AGGRESSIVE;
				CLANG_WARN_UNREACHABLE_CODE = YES;
				CLANG_WARN__DUPLICATE_METHOD_MATCH = YES;
				CODE_SIGN_IDENTITY = "iPhone Developer";
				COPY_PHASE_STRIP = NO;
				DEBUG_INFORMATION_FORMAT = dwarf;
				ENABLE_STRICT_OBJC_MSGSEND = YES;
				ENABLE_TESTABILITY = YES;
				GCC_C_LANGUAGE_STANDARD = gnu11;
				GCC_DYNAMIC_NO_PIC = NO;
				GCC_NO_COMMON_BLOCKS = YES;
				GCC_OPTIMIZATION_LEVEL = 0;
				GCC_PREPROCESSOR_DEFINITIONS = (
					"DEBUG=1",
					"$(inherited)",
				);
				GCC_WARN_64_TO_32_BIT_CONVERSION = YES;
				GCC_WARN_ABOUT_RETURN_TYPE = YES_ERROR;
				GCC_WARN_UNDECLARED_SELECTOR = YES;
				GCC_WARN_UNINITIALIZED_AUTOS = YES_AGGRESSIVE;
				GCC_WARN_UNUSED_FUNCTION = YES;
				GCC_WARN_UNUSED_VARIABLE = YES;
				IPHONEOS_DEPLOYMENT_TARGET = 12.1;
				MTL_ENABLE_DEBUG_INFO = INCLUDE_SOURCE;
				MTL_FAST_MATH = YES;
				ONLY_ACTIVE_ARCH = YES;
				SDKROOT = iphoneos;
				SWIFT_ACTIVE_COMPILATION_CONDITIONS = DEBUG;
				SWIFT_OPTIMIZATION_LEVEL = "-Onone";
			};
			name = Debug;
		};
		A96F098622177A4400CD6347 /* Release */ = {
			isa = XCBuildConfiguration;
			buildSettings = {
				ALWAYS_SEARCH_USER_PATHS = NO;
				CLANG_ANALYZER_NONNULL = YES;
				CLANG_ANALYZER_NUMBER_OBJECT_CONVERSION = YES_AGGRESSIVE;
				CLANG_CXX_LANGUAGE_STANDARD = "gnu++14";
				CLANG_CXX_LIBRARY = "libc++";
				CLANG_ENABLE_MODULES = YES;
				CLANG_ENABLE_OBJC_ARC = YES;
				CLANG_ENABLE_OBJC_WEAK = YES;
				CLANG_WARN_BLOCK_CAPTURE_AUTORELEASING = YES;
				CLANG_WARN_BOOL_CONVERSION = YES;
				CLANG_WARN_COMMA = YES;
				CLANG_WARN_CONSTANT_CONVERSION = YES;
				CLANG_WARN_DEPRECATED_OBJC_IMPLEMENTATIONS = YES;
				CLANG_WARN_DIRECT_OBJC_ISA_USAGE = YES_ERROR;
				CLANG_WARN_DOCUMENTATION_COMMENTS = YES;
				CLANG_WARN_EMPTY_BODY = YES;
				CLANG_WARN_ENUM_CONVERSION = YES;
				CLANG_WARN_INFINITE_RECURSION = YES;
				CLANG_WARN_INT_CONVERSION = YES;
				CLANG_WARN_NON_LITERAL_NULL_CONVERSION = YES;
				CLANG_WARN_OBJC_IMPLICIT_RETAIN_SELF = YES;
				CLANG_WARN_OBJC_LITERAL_CONVERSION = YES;
				CLANG_WARN_OBJC_ROOT_CLASS = YES_ERROR;
				CLANG_WARN_RANGE_LOOP_ANALYSIS = YES;
				CLANG_WARN_STRICT_PROTOTYPES = YES;
				CLANG_WARN_SUSPICIOUS_MOVE = YES;
				CLANG_WARN_UNGUARDED_AVAILABILITY = YES_AGGRESSIVE;
				CLANG_WARN_UNREACHABLE_CODE = YES;
				CLANG_WARN__DUPLICATE_METHOD_MATCH = YES;
				CODE_SIGN_IDENTITY = "iPhone Developer";
				COPY_PHASE_STRIP = NO;
				DEBUG_INFORMATION_FORMAT = "dwarf-with-dsym";
				ENABLE_NS_ASSERTIONS = NO;
				ENABLE_STRICT_OBJC_MSGSEND = YES;
				GCC_C_LANGUAGE_STANDARD = gnu11;
				GCC_NO_COMMON_BLOCKS = YES;
				GCC_WARN_64_TO_32_BIT_CONVERSION = YES;
				GCC_WARN_ABOUT_RETURN_TYPE = YES_ERROR;
				GCC_WARN_UNDECLARED_SELECTOR = YES;
				GCC_WARN_UNINITIALIZED_AUTOS = YES_AGGRESSIVE;
				GCC_WARN_UNUSED_FUNCTION = YES;
				GCC_WARN_UNUSED_VARIABLE = YES;
				IPHONEOS_DEPLOYMENT_TARGET = 12.1;
				MTL_ENABLE_DEBUG_INFO = NO;
				MTL_FAST_MATH = YES;
				SDKROOT = iphoneos;
				SWIFT_COMPILATION_MODE = wholemodule;
				SWIFT_OPTIMIZATION_LEVEL = "-O";
				VALIDATE_PRODUCT = YES;
			};
			name = Release;
		};
		A96F098822177A4400CD6347 /* Debug */ = {
			isa = XCBuildConfiguration;
			buildSettings = {
				ASSETCATALOG_COMPILER_APPICON_NAME = AppIcon;
				CODE_SIGN_STYLE = Automatic;
				INFOPLIST_FILE = FoodTrucker/Info.plist;
				LD_RUNPATH_SEARCH_PATHS = (
					"$(inherited)",
					"@executable_path/Frameworks",
				);
				PRODUCT_BUNDLE_IDENTIFIER = com.example.FoodTrucker;
				PRODUCT_NAME = "$(TARGET_NAME)";
				SWIFT_VERSION = 4.2;
				TARGETED_DEVICE_FAMILY = "1,2";
			};
			name = Debug;
		};
		A96F098922177A4400CD6347 /* Release */ = {
			isa = XCBuildConfiguration;
			buildSettings = {
				ASSETCATALOG_COMPILER_APPICON_NAME = AppIcon;
				CODE_SIGN_STYLE = Automatic;
				INFOPLIST_FILE = FoodTrucker/Info.plist;
				LD_RUNPATH_SEARCH_PATHS = (
					"$(inherited)",
					"@executable_path/Frameworks",
				);
				PRODUCT_BUNDLE_IDENTIFIER = com.example.FoodTrucker;
				PRODUCT_NAME = "$(TARGET_NAME)";
				SWIFT_VERSION = 4.2;
				TARGETED_DEVICE_FAMILY = "1,2";
			};
			name = Release;
		};
		A96F098B22177A4400CD6347 /* Debug */ = {
			isa = XCBuildConfiguration;
			buildSettings = {
				ALWAYS_EMBED_SWIFT_STANDARD_LIBRARIES = YES;
				BUNDLE_LOADER = "$(TEST_HOST)";
				CODE_SIGN_STYLE = Automatic;
				INFOPLIST_FILE = FoodTruckerTests/Info.plist;
				LD_RUNPATH_SEARCH_PATHS = (
					"$(inherited)",
					"@executable_path/Frameworks",
					"@loader_path/Frameworks",
				);
				PRODUCT_BUNDLE_IDENTIFIER = com.example.FoodTruckerTests;
				PRODUCT_NAME = "$(TARGET_NAME)";
				SWIFT_VERSION = 4.2;
				TARGETED_DEVICE_FAMILY = "1,2";
				TEST_HOST = "$(BUILT_PRODUCTS_DIR)/FoodTrucker.app/FoodTrucker";
			};
			name = Debug;
		};
		A96F098C22177A4400CD6347 /* Release */ = {
			isa = XCBuildConfiguration;
			buildSettings = {
				ALWAYS_EMBED_SWIFT_STANDARD_LIBRARIES = YES;
				BUNDLE_LOADER = "$(TEST_HOST)";
				CODE_SIGN_STYLE = Automatic;
				INFOPLIST_FILE = FoodTruckerTests/Info.plist;
				LD_RUNPATH_SEARCH_PATHS = (
					"$(inherited)",
					"@executable_path/Frameworks",
					"@loader_path/Frameworks",
				);
				PRODUCT_BUNDLE_IDENTIFIER = com.example.FoodTruckerTests;
				PRODUCT_NAME = "$(TARGET_NAME)";
				SWIFT_VERSION = 4.2;
				TARGETED_DEVICE_FAMILY = "1,2";
				TEST_HOST = "$(BUILT_PRODUCTS_DIR)/FoodTrucker.app/FoodTrucker";
			};
			name = Release;
		};
		A96F098E22177A4400CD6347 /* Debug */ = {
			isa = XCBuildConfiguration;
			buildSettings = {
				ALWAYS_EMBED_SWIFT_STANDARD_LIBRARIES = YES;
				CODE_SIGN_STYLE = Automatic;
				INFOPLIST_FILE = FoodTruckerUITests/Info.plist;
				LD_RUNPATH_SEARCH_PATHS = (
					"$(inherited)",
					"@executable_path/Frameworks",
					"@loader_path/Frameworks",
				);
				PRODUCT_BUNDLE_IDENTIFIER = com.example.FoodTruckerUITests;
				PRODUCT_NAME = "$(TARGET_NAME)";
				SWIFT_VERSION = 4.2;
				TARGETED_DEVICE_FAMILY = "1,2";
				TEST_TARGET_NAME = FoodTrucker;
			};
			name = Debug;
		};
		A96F098F22177A4400CD6347 /* Release */ = {
			isa = XCBuildConfiguration;
			buildSettings = {
				ALWAYS_EMBED_SWIFT_STANDARD_LIBRARIES = YES;
				CODE_SIGN_STYLE = Automatic;
				INFOPLIST_FILE = FoodTruckerUITests/Info.plist;
				LD_RUNPATH_SEARCH_PATHS = (
					"$(inherited)",
					"@executable_path/Frameworks",
					"@loader_path/Frameworks",
				);
				PRODUCT_BUNDLE_IDENTIFIER = com.example.FoodTruckerUITests;
				PRODUCT_NAME = "$(TARGET_NAME)";
				SWIFT_VERSION = 4.2;
				TARGETED_DEVICE_FAMILY = "1,2";
				TEST_TARGET_NAME = FoodTrucker;
			};
			name = Release;
		};
/* End XCBuildConfiguration section */

/* Begin XCConfigurationList section */
		A96F095A22177A4100CD6347 /* Build configuration list for PBXProject "FoodTrucker" */ = {
			isa = XCConfigurationList;
			buildConfigurations = (
				A96F098522177A4400CD6347 /* Debug */,
				A96F098622177A4400CD6347 /* Release */,
			);
			defaultConfigurationIsVisible = 0;
			defaultConfigurationName = Release;
		};
		A96F098722177A4400CD6347 /* Build configuration list for PBXNativeTarget "FoodTrucker" */ = {
			isa = XCConfigurationList;
			buildConfigurations = (
				A96F098822177A4400CD6347 /* Debug */,
				A96F098922177A4400CD6347 /* Release */,
			);
			defaultConfigurationIsVisible = 0;
			defaultConfigurationName = Release;
		};
		A96F098A22177A4400CD6347 /* Build configuration list for PBXNativeTarget "FoodTruckerTests" */ = {
			isa = XCConfigurationList;
			buildConfigurations = (
				A96F098B22177A4400CD6347 /* Debug */,
				A96F098C22177A4400CD6347 /* Release */,
			);
			defaultConfigurationIsVisible = 0;
			defaultConfigurationName = Release;
		};
		A96F098D22177A4400CD6347 /* Build configuration list for PBXNativeTarget "FoodTruckerUITests" */ = {
			isa = XCConfigurationList;
			buildConfigurations = (
				A96F098E22177A4400CD6347 /* Debug */,
				A96F098F22177A4400CD6347 /* Release */,
			);
			defaultConfigurationIsVisible = 0;
			defaultConfigurationName = Release;
		};
/* End XCConfigurationList section */
	};
	rootObject = A96F095722177A4100CD6347 /* Project object */;
}
